{
  "name": "javascript30",
  "version": "1.0.0",
  "lockfileVersion": 1,
  "requires": true,
  "dependencies": {
    "object-assign": {
      "version": "4.1.1",
      "resolved": "https://registry.npmjs.org/object-assign/-/object-assign-4.1.1.tgz",
      "integrity": "sha1-IQmtx5ZYh8/AXLvUQsrIv7s2CGM="
    },
    "octicons": {
      "version": "7.3.0",
      "resolved": "https://registry.npmjs.org/octicons/-/octicons-7.3.0.tgz",
      "integrity": "sha512-UVjlkmUL15Ef/7Rd72Io634Bdl61QgSMasAZpvXPoR2XNFj1RelAyhl4QJuR1hBGlPWFDR7KFj2jEzsFax2IUg==",
      "requires": {
        "object-assign": "4.1.1"
      }
    }
  }
}
